
Microsoft Visual Studio Solution File, Format Version 12.00
# Visual Studio 15
VisualStudioVersion = 15.0.28010.2036
MinimumVisualStudioVersion = 10.0.40219.1
Project("{FAE04EC0-301F-11D3-BF4B-00C04F79EFBC}") = "ConsoleWhilePassword", "ConsoleWhilePassword\ConsoleWhilePassword.csproj", "{70447270-85DA-436B-BEB6-A55EE4CDDFA8}"
EndProject
Global
	GlobalSection(SolutionConfigurationPlatforms) = preSolution
		Debug|Any CPU = Debug|Any CPU
		Release|Any CPU = Release|Any CPU
	EndGlobalSection
	GlobalSection(ProjectConfigurationPlatforms) = postSolution
		{70447270-85DA-436B-BEB6-A55EE4CDDFA8}.Debug|Any CPU.ActiveCfg = Debug|Any CPU
		{70447270-85DA-436B-BEB6-A55EE4CDDFA8}.Debug|Any CPU.Build.0 = Debug|Any CPU
		{70447270-85DA-436B-BEB6-A55EE4CDDFA8}.Release|Any CPU.ActiveCfg = Release|Any CPU
		{70447270-85DA-436B-BEB6-A55EE4CDDFA8}.Release|Any CPU.Build.0 = Release|Any CPU
	EndGlobalSection
	GlobalSection(SolutionProperties) = preSolution
		HideSolutionNode = FALSE
	EndGlobalSection
	GlobalSection(ExtensibilityGlobals) = postSolution
		SolutionGuid = {0FF0CB70-7E14-40FA-AE2B-70511B5122C3}
	EndGlobalSection
EndGlobal
