
Microsoft Visual Studio Solution File, Format Version 12.00
# Visual Studio 15
VisualStudioVersion = 15.0.28010.2036
MinimumVisualStudioVersion = 10.0.40219.1
Project("{FAE04EC0-301F-11D3-BF4B-00C04F79EFBC}") = "ConsolaPatDisSC", "ConsolaPatDisSC\ConsolaPatDisSC.csproj", "{4C37C001-8DB8-4E05-915E-6A8223FE8982}"
EndProject
Global
	GlobalSection(SolutionConfigurationPlatforms) = preSolution
		Debug|Any CPU = Debug|Any CPU
		Release|Any CPU = Release|Any CPU
	EndGlobalSection
	GlobalSection(ProjectConfigurationPlatforms) = postSolution
		{4C37C001-8DB8-4E05-915E-6A8223FE8982}.Debug|Any CPU.ActiveCfg = Debug|Any CPU
		{4C37C001-8DB8-4E05-915E-6A8223FE8982}.Debug|Any CPU.Build.0 = Debug|Any CPU
		{4C37C001-8DB8-4E05-915E-6A8223FE8982}.Release|Any CPU.ActiveCfg = Release|Any CPU
		{4C37C001-8DB8-4E05-915E-6A8223FE8982}.Release|Any CPU.Build.0 = Release|Any CPU
	EndGlobalSection
	GlobalSection(SolutionProperties) = preSolution
		HideSolutionNode = FALSE
	EndGlobalSection
	GlobalSection(ExtensibilityGlobals) = postSolution
		SolutionGuid = {5B7A6C40-523C-416B-8FC8-CE09357F30FD}
	EndGlobalSection
EndGlobal
