
Microsoft Visual Studio Solution File, Format Version 12.00
# Visual Studio 15
VisualStudioVersion = 15.0.28010.2036
MinimumVisualStudioVersion = 10.0.40219.1
Project("{FAE04EC0-301F-11D3-BF4B-00C04F79EFBC}") = "PolimorfismoErVar", "PolimorfismoErVar\PolimorfismoErVar.csproj", "{3C2DDB9B-D2A5-4219-954E-622808F5C82B}"
EndProject
Global
	GlobalSection(SolutionConfigurationPlatforms) = preSolution
		Debug|Any CPU = Debug|Any CPU
		Release|Any CPU = Release|Any CPU
	EndGlobalSection
	GlobalSection(ProjectConfigurationPlatforms) = postSolution
		{3C2DDB9B-D2A5-4219-954E-622808F5C82B}.Debug|Any CPU.ActiveCfg = Debug|Any CPU
		{3C2DDB9B-D2A5-4219-954E-622808F5C82B}.Debug|Any CPU.Build.0 = Debug|Any CPU
		{3C2DDB9B-D2A5-4219-954E-622808F5C82B}.Release|Any CPU.ActiveCfg = Release|Any CPU
		{3C2DDB9B-D2A5-4219-954E-622808F5C82B}.Release|Any CPU.Build.0 = Release|Any CPU
	EndGlobalSection
	GlobalSection(SolutionProperties) = preSolution
		HideSolutionNode = FALSE
	EndGlobalSection
	GlobalSection(ExtensibilityGlobals) = postSolution
		SolutionGuid = {AE6BB235-B4C2-4C6C-90B7-59BB0E22C082}
	EndGlobalSection
EndGlobal
