
Microsoft Visual Studio Solution File, Format Version 12.00
# Visual Studio 15
VisualStudioVersion = 15.0.28010.2036
MinimumVisualStudioVersion = 10.0.40219.1
Project("{FAE04EC0-301F-11D3-BF4B-00C04F79EFBC}") = "ConsolePolimorfismoHerencia", "ConsolePolimorfismoHerencia\ConsolePolimorfismoHerencia.csproj", "{344B8F67-CFE0-474C-B835-BA2A06BD0ED6}"
EndProject
Global
	GlobalSection(SolutionConfigurationPlatforms) = preSolution
		Debug|Any CPU = Debug|Any CPU
		Release|Any CPU = Release|Any CPU
	EndGlobalSection
	GlobalSection(ProjectConfigurationPlatforms) = postSolution
		{344B8F67-CFE0-474C-B835-BA2A06BD0ED6}.Debug|Any CPU.ActiveCfg = Debug|Any CPU
		{344B8F67-CFE0-474C-B835-BA2A06BD0ED6}.Debug|Any CPU.Build.0 = Debug|Any CPU
		{344B8F67-CFE0-474C-B835-BA2A06BD0ED6}.Release|Any CPU.ActiveCfg = Release|Any CPU
		{344B8F67-CFE0-474C-B835-BA2A06BD0ED6}.Release|Any CPU.Build.0 = Release|Any CPU
	EndGlobalSection
	GlobalSection(SolutionProperties) = preSolution
		HideSolutionNode = FALSE
	EndGlobalSection
	GlobalSection(ExtensibilityGlobals) = postSolution
		SolutionGuid = {3A8BBE9E-DC57-4A77-BB73-26A8286B3393}
	EndGlobalSection
EndGlobal
